// !$*UTF8*$!
{
	archiveVersion = 1;
	classes = {
	};
	objectVersion = 46;
	objects = {

/* Begin PBXBuildFile section */
		EB1A51211DDD603E008F1475 /* AppDelegate.swift in Sources */ = {isa = PBXBuildFile; fileRef = EB1A51201DDD603E008F1475 /* AppDelegate.swift */; };
		EB1A51231DDD603E008F1475 /* ViewController.swift in Sources */ = {isa = PBXBuildFile; fileRef = EB1A51221DDD603E008F1475 /* ViewController.swift */; };
		EB1A51261DDD603E008F1475 /* Main.storyboard in Resources */ = {isa = PBXBuildFile; fileRef = EB1A51241DDD603E008F1475 /* Main.storyboard */; };
		EB1A51281DDD603E008F1475 /* Assets.xcassets in Resources */ = {isa = PBXBuildFile; fileRef = EB1A51271DDD603E008F1475 /* Assets.xcassets */; };
		EB1A512B1DDD603E008F1475 /* LaunchScreen.storyboard in Resources */ = {isa = PBXBuildFile; fileRef = EB1A51291DDD603E008F1475 /* LaunchScreen.storyboard */; };
		EB1A51361DDD603E008F1475 /* Assignment3Tests.swift in Sources */ = {isa = PBXBuildFile; fileRef = EB1A51351DDD603E008F1475 /* Assignment3Tests.swift */; };
/* End PBXBuildFile section */

/* Begin PBXContainerItemProxy section */
		EB1A51321DDD603E008F1475 /* PBXContainerItemProxy */ = {
			isa = PBXContainerItemProxy;
			containerPortal = EB1A51151DDD603E008F1475 /* Project object */;
			proxyType = 1;
			remoteGlobalIDString = EB1A511C1DDD603E008F1475;
			remoteInfo = Assignment3;
		};
/* End PBXContainerItemProxy section */

/* Begin PBXFileReference section */
		EB1A511D1DDD603E008F1475 /* Assignment3.app */ = {isa = PBXFileReference; explicitFileType = wrapper.application; includeInIndex = 0; path = Assignment3.app; sourceTree = BUILT_PRODUCTS_DIR; };
		EB1A51201DDD603E008F1475 /* AppDelegate.swift */ = {isa = PBXFileReference; lastKnownFileType = sourcecode.swift; path = AppDelegate.swift; sourceTree = "<group>"; };
		EB1A51221DDD603E008F1475 /* ViewController.swift */ = {isa = PBXFileReference; lastKnownFileType = sourcecode.swift; path = ViewController.swift; sourceTree = "<group>"; };
		EB1A51251DDD603E008F1475 /* Base */ = {isa = PBXFileReference; lastKnownFileType = file.storyboard; name = Base; path = Base.lproj/Main.storyboard; sourceTree = "<group>"; };
		EB1A51271DDD603E008F1475 /* Assets.xcassets */ = {isa = PBXFileReference; lastKnownFileType = folder.assetcatalog; path = Assets.xcassets; sourceTree = "<group>"; };
		EB1A512A1DDD603E008F1475 /* Base */ = {isa = PBXFileReference; lastKnownFileType = file.storyboard; name = Base; path = Base.lproj/LaunchScreen.storyboard; sourceTree = "<group>"; };
		EB1A512C1DDD603E008F1475 /* Info.plist */ = {isa = PBXFileReference; lastKnownFileType = text.plist.xml; path = Info.plist; sourceTree = "<group>"; };
		EB1A51311DDD603E008F1475 /* Assignment3Tests.xctest */ = {isa = PBXFileReference; explicitFileType = wrapper.cfbundle; includeInIndex = 0; path = Assignment3Tests.xctest; sourceTree = BUILT_PRODUCTS_DIR; };
		EB1A51351DDD603E008F1475 /* Assignment3Tests.swift */ = {isa = PBXFileReference; lastKnownFileType = sourcecode.swift; path = Assignment3Tests.swift; sourceTree = "<group>"; };
		EB1A51371DDD603E008F1475 /* Info.plist */ = {isa = PBXFileReference; lastKnownFileType = text.plist.xml; path = Info.plist; sourceTree = "<group>"; };
/* End PBXFileReference section */

/* Begin PBXFrameworksBuildPhase section */
		EB1A511A1DDD603E008F1475 /* Frameworks */ = {
			isa = PBXFrameworksBuildPhase;
			buildActionMask = 2147483647;
			files = (
			);
			runOnlyForDeploymentPostprocessing = 0;
		};
		EB1A512E1DDD603E008F1475 /* Frameworks */ = {
			isa = PBXFrameworksBuildPhase;
			buildActionMask = 2147483647;
			files = (
			);
			runOnlyForDeploymentPostprocessing = 0;
		};
/* End PBXFrameworksBuildPhase section */

/* Begin PBXGroup section */
		EB1A51141DDD603E008F1475 = {
			isa = PBXGroup;
			children = (
				EB1A511F1DDD603E008F1475 /* Assignment3 */,
				EB1A51341DDD603E008F1475 /* Assignment3Tests */,
				EB1A511E1DDD603E008F1475 /* Products */,
			);
			sourceTree = "<group>";
		};
		EB1A511E1DDD603E008F1475 /* Products */ = {
			isa = PBXGroup;
			children = (
				EB1A511D1DDD603E008F1475 /* Assignment3.app */,
				EB1A51311DDD603E008F1475 /* Assignment3Tests.xctest */,
			);
			name = Products;
			sourceTree = "<group>";
		};
		EB1A511F1DDD603E008F1475 /* Assignment3 */ = {
			isa = PBXGroup;
			children = (
				EB1A51201DDD603E008F1475 /* AppDelegate.swift */,
				EB1A51221DDD603E008F1475 /* ViewController.swift */,
				EB1A51241DDD603E008F1475 /* Main.storyboard */,
				EB1A51271DDD603E008F1475 /* Assets.xcassets */,
				EB1A51291DDD603E008F1475 /* LaunchScreen.storyboard */,
				EB1A512C1DDD603E008F1475 /* Info.plist */,
			);
			path = Assignment3;
			sourceTree = "<group>";
		};
		EB1A51341DDD603E008F1475 /* Assignment3Tests */ = {
			isa = PBXGroup;
			children = (
				EB1A51351DDD603E008F1475 /* Assignment3Tests.swift */,
				EB1A51371DDD603E008F1475 /* Info.plist */,
			);
			path = Assignment3Tests;
			sourceTree = "<group>";
		};
/* End PBXGroup section */

/* Begin PBXNativeTarget section */
		EB1A511C1DDD603E008F1475 /* Assignment3 */ = {
			isa = PBXNativeTarget;
			buildConfigurationList = EB1A513A1DDD603E008F1475 /* Build configuration list for PBXNativeTarget "Assignment3" */;
			buildPhases = (
				EB1A51191DDD603E008F1475 /* Sources */,
				EB1A511A1DDD603E008F1475 /* Frameworks */,
				EB1A511B1DDD603E008F1475 /* Resources */,
			);
			buildRules = (
			);
			dependencies = (
			);
			name = Assignment3;
			productName = Assignment3;
			productReference = EB1A511D1DDD603E008F1475 /* Assignment3.app */;
			productType = "com.apple.product-type.application";
		};
		EB1A51301DDD603E008F1475 /* Assignment3Tests */ = {
			isa = PBXNativeTarget;
			buildConfigurationList = EB1A513D1DDD603E008F1475 /* Build configuration list for PBXNativeTarget "Assignment3Tests" */;
			buildPhases = (
				EB1A512D1DDD603E008F1475 /* Sources */,
				EB1A512E1DDD603E008F1475 /* Frameworks */,
				EB1A512F1DDD603E008F1475 /* Resources */,
			);
			buildRules = (
			);
			dependencies = (
				EB1A51331DDD603E008F1475 /* PBXTargetDependency */,
			);
			name = Assignment3Tests;
			productName = Assignment3Tests;
			productReference = EB1A51311DDD603E008F1475 /* Assignment3Tests.xctest */;
			productType = "com.apple.product-type.bundle.unit-test";
		};
/* End PBXNativeTarget section */

/* Begin PBXProject section */
		EB1A51151DDD603E008F1475 /* Project object */ = {
			isa = PBXProject;
			attributes = {
				LastSwiftUpdateCheck = 0810;
				LastUpgradeCheck = 0810;
				ORGANIZATIONNAME = "swetha muchukota";
				TargetAttributes = {
					EB1A511C1DDD603E008F1475 = {
						CreatedOnToolsVersion = 8.1;
						DevelopmentTeam = U2265T3A3G;
						ProvisioningStyle = Automatic;
					};
					EB1A51301DDD603E008F1475 = {
						CreatedOnToolsVersion = 8.1;
						DevelopmentTeam = U2265T3A3G;
						ProvisioningStyle = Automatic;
						TestTargetID = EB1A511C1DDD603E008F1475;
					};
				};
			};
			buildConfigurationList = EB1A51181DDD603E008F1475 /* Build configuration list for PBXProject "Assignment3" */;
			compatibilityVersion = "Xcode 3.2";
			developmentRegion = English;
			hasScannedForEncodings = 0;
			knownRegions = (
				en,
				Base,
			);
			mainGroup = EB1A51141DDD603E008F1475;
			productRefGroup = EB1A511E1DDD603E008F1475 /* Products */;
			projectDirPath = "";
			projectRoot = "";
			targets = (
				EB1A511C1DDD603E008F1475 /* Assignment3 */,
				EB1A51301DDD603E008F1475 /* Assignment3Tests */,
			);
		};
/* End PBXProject section */

/* Begin PBXResourcesBuildPhase section */
		EB1A511B1DDD603E008F1475 /* Resources */ = {
			isa = PBXResourcesBuildPhase;
			buildActionMask = 2147483647;
			files = (
				EB1A512B1DDD603E008F1475 /* LaunchScreen.storyboard in Resources */,
				EB1A51281DDD603E008F1475 /* Assets.xcassets in Resources */,
				EB1A51261DDD603E008F1475 /* Main.storyboard in Resources */,
			);
			runOnlyForDeploymentPostprocessing = 0;
		};
		EB1A512F1DDD603E008F1475 /* Resources */ = {
			isa = PBXResourcesBuildPhase;
			buildActionMask = 2147483647;
			files = (
			);
			runOnlyForDeploymentPostprocessing = 0;
		};
/* End PBXResourcesBuildPhase section */

/* Begin PBXSourcesBuildPhase section */
		EB1A51191DDD603E008F1475 /* Sources */ = {
			isa = PBXSourcesBuildPhase;
			buildActionMask = 2147483647;
			files = (
				EB1A51231DDD603E008F1475 /* ViewController.swift in Sources */,
				EB1A51211DDD603E008F1475 /* AppDelegate.swift in Sources */,
			);
			runOnlyForDeploymentPostprocessing = 0;
		};
		EB1A512D1DDD603E008F1475 /* Sources */ = {
			isa = PBXSourcesBuildPhase;
			buildActionMask = 2147483647;
			files = (
				EB1A51361DDD603E008F1475 /* Assignment3Tests.swift in Sources */,
			);
			runOnlyForDeploymentPostprocessing = 0;
		};
/* End PBXSourcesBuildPhase section */

/* Begin PBXTargetDependency section */
		EB1A51331DDD603E008F1475 /* PBXTargetDependency */ = {
			isa = PBXTargetDependency;
			target = EB1A511C1DDD603E008F1475 /* Assignment3 */;
			targetProxy = EB1A51321DDD603E008F1475 /* PBXContainerItemProxy */;
		};
/* End PBXTargetDependency section */

/* Begin PBXVariantGroup section */
		EB1A51241DDD603E008F1475 /* Main.storyboard */ = {
			isa = PBXVariantGroup;
			children = (
				EB1A51251DDD603E008F1475 /* Base */,
			);
			name = Main.storyboard;
			sourceTree = "<group>";
		};
		EB1A51291DDD603E008F1475 /* LaunchScreen.storyboard */ = {
			isa = PBXVariantGroup;
			children = (
				EB1A512A1DDD603E008F1475 /* Base */,
			);
			name = LaunchScreen.storyboard;
			sourceTree = "<group>";
		};
/* End PBXVariantGroup section */

/* Begin XCBuildConfiguration section */
		EB1A51381DDD603E008F1475 /* Debug */ = {
			isa = XCBuildConfiguration;
			buildSettings = {
				ALWAYS_SEARCH_USER_PATHS = NO;
				CLANG_ANALYZER_NONNULL = YES;
				CLANG_CXX_LANGUAGE_STANDARD = "gnu++0x";
				CLANG_CXX_LIBRARY = "libc++";
				CLANG_ENABLE_MODULES = YES;
				CLANG_ENABLE_OBJC_ARC = YES;
				CLANG_WARN_BOOL_CONVERSION = YES;
				CLANG_WARN_CONSTANT_CONVERSION = YES;
				CLANG_WARN_DIRECT_OBJC_ISA_USAGE = YES_ERROR;
				CLANG_WARN_DOCUMENTATION_COMMENTS = YES;
				CLANG_WARN_EMPTY_BODY = YES;
				CLANG_WARN_ENUM_CONVERSION = YES;
				CLANG_WARN_INFINITE_RECURSION = YES;
				CLANG_WARN_INT_CONVERSION = YES;
				CLANG_WARN_OBJC_ROOT_CLASS = YES_ERROR;
				CLANG_WARN_SUSPICIOUS_MOVES = YES;
				CLANG_WARN_UNREACHABLE_CODE = YES;
				CLANG_WARN__DUPLICATE_METHOD_MATCH = YES;
				"CODE_SIGN_IDENTITY[sdk=iphoneos*]" = "iPhone Developer";
				COPY_PHASE_STRIP = NO;
				DEBUG_INFORMATION_FORMAT = dwarf;
				ENABLE_STRICT_OBJC_MSGSEND = YES;
				ENABLE_TESTABILITY = YES;
				GCC_C_LANGUAGE_STANDARD = gnu99;
				GCC_DYNAMIC_NO_PIC = NO;
				GCC_NO_COMMON_BLOCKS = YES;
				GCC_OPTIMIZATION_LEVEL = 0;
				GCC_PREPROCESSOR_DEFINITIONS = (
					"DEBUG=1",
					"$(inherited)",
				);
				GCC_WARN_64_TO_32_BIT_CONVERSION = YES;
				GCC_WARN_ABOUT_RETURN_TYPE = YES_ERROR;
				GCC_WARN_UNDECLARED_SELECTOR = YES;
				GCC_WARN_UNINITIALIZED_AUTOS = YES_AGGRESSIVE;
				GCC_WARN_UNUSED_FUNCTION = YES;
				GCC_WARN_UNUSED_VARIABLE = YES;
				IPHONEOS_DEPLOYMENT_TARGET = 10.1;
				MTL_ENABLE_DEBUG_INFO = YES;
				ONLY_ACTIVE_ARCH = YES;
				SDKROOT = iphoneos;
				SWIFT_ACTIVE_COMPILATION_CONDITIONS = DEBUG;
				SWIFT_OPTIMIZATION_LEVEL = "-Onone";
				TARGETED_DEVICE_FAMILY = "1,2";
			};
			name = Debug;
		};
		EB1A51391DDD603E008F1475 /* Release */ = {
			isa = XCBuildConfiguration;
			buildSettings = {
				ALWAYS_SEARCH_USER_PATHS = NO;
				CLANG_ANALYZER_NONNULL = YES;
				CLANG_CXX_LANGUAGE_STANDARD = "gnu++0x";
				CLANG_CXX_LIBRARY = "libc++";
				CLANG_ENABLE_MODULES = YES;
				CLANG_ENABLE_OBJC_ARC = YES;
				CLANG_WARN_BOOL_CONVERSION = YES;
				CLANG_WARN_CONSTANT_CONVERSION = YES;
				CLANG_WARN_DIRECT_OBJC_ISA_USAGE = YES_ERROR;
				CLANG_WARN_DOCUMENTATION_COMMENTS = YES;
				CLANG_WARN_EMPTY_BODY = YES;
				CLANG_WARN_ENUM_CONVERSION = YES;
				CLANG_WARN_INFINITE_RECURSION = YES;
				CLANG_WARN_INT_CONVERSION = YES;
				CLANG_WARN_OBJC_ROOT_CLASS = YES_ERROR;
				CLANG_WARN_SUSPICIOUS_MOVES = YES;
				CLANG_WARN_UNREACHABLE_CODE = YES;
				CLANG_WARN__DUPLICATE_METHOD_MATCH = YES;
				"CODE_SIGN_IDENTITY[sdk=iphoneos*]" = "iPhone Developer";
				COPY_PHASE_STRIP = NO;
				DEBUG_INFORMATION_FORMAT = "dwarf-with-dsym";
				ENABLE_NS_ASSERTIONS = NO;
				ENABLE_STRICT_OBJC_MSGSEND = YES;
				GCC_C_LANGUAGE_STANDARD = gnu99;
				GCC_NO_COMMON_BLOCKS = YES;
				GCC_WARN_64_TO_32_BIT_CONVERSION = YES;
				GCC_WARN_ABOUT_RETURN_TYPE = YES_ERROR;
				GCC_WARN_UNDECLARED_SELECTOR = YES;
				GCC_WARN_UNINITIALIZED_AUTOS = YES_AGGRESSIVE;
				GCC_WARN_UNUSED_FUNCTION = YES;
				GCC_WARN_UNUSED_VARIABLE = YES;
				IPHONEOS_DEPLOYMENT_TARGET = 10.1;
				MTL_ENABLE_DEBUG_INFO = NO;
				SDKROOT = iphoneos;
				SWIFT_OPTIMIZATION_LEVEL = "-Owholemodule";
				TARGETED_DEVICE_FAMILY = "1,2";
				VALIDATE_PRODUCT = YES;
			};
			name = Release;
		};
		EB1A513B1DDD603E008F1475 /* Debug */ = {
			isa = XCBuildConfiguration;
			buildSettings = {
				ASSETCATALOG_COMPILER_APPICON_NAME = AppIcon;
				DEVELOPMENT_TEAM = U2265T3A3G;
				INFOPLIST_FILE = Assignment3/Info.plist;
				LD_RUNPATH_SEARCH_PATHS = "$(inherited) @executable_path/Frameworks";
				PRODUCT_BUNDLE_IDENTIFIER = swetha.muchukota.Assignment3;
				PRODUCT_NAME = "$(TARGET_NAME)";
				SWIFT_VERSION = 3.0;
			};
			name = Debug;
		};
		EB1A513C1DDD603E008F1475 /* Release */ = {
			isa = XCBuildConfiguration;
			buildSettings = {
				ASSETCATALOG_COMPILER_APPICON_NAME = AppIcon;
				DEVELOPMENT_TEAM = U2265T3A3G;
				INFOPLIST_FILE = Assignment3/Info.plist;
				LD_RUNPATH_SEARCH_PATHS = "$(inherited) @executable_path/Frameworks";
				PRODUCT_BUNDLE_IDENTIFIER = swetha.muchukota.Assignment3;
				PRODUCT_NAME = "$(TARGET_NAME)";
				SWIFT_VERSION = 3.0;
			};
			name = Release;
		};
		EB1A513E1DDD603E008F1475 /* Debug */ = {
			isa = XCBuildConfiguration;
			buildSettings = {
				ALWAYS_EMBED_SWIFT_STANDARD_LIBRARIES = YES;
				BUNDLE_LOADER = "$(TEST_HOST)";
				DEVELOPMENT_TEAM = U2265T3A3G;
				INFOPLIST_FILE = Assignment3Tests/Info.plist;
				LD_RUNPATH_SEARCH_PATHS = "$(inherited) @executable_path/Frameworks @loader_path/Frameworks";
				PRODUCT_BUNDLE_IDENTIFIER = swetha.muchukota.Assignment3Tests;
				PRODUCT_NAME = "$(TARGET_NAME)";
				SWIFT_VERSION = 3.0;
				TEST_HOST = "$(BUILT_PRODUCTS_DIR)/Assignment3.app/Assignment3";
			};
			name = Debug;
		};
		EB1A513F1DDD603E008F1475 /* Release */ = {
			isa = XCBuildConfiguration;
			buildSettings = {
				ALWAYS_EMBED_SWIFT_STANDARD_LIBRARIES = YES;
				BUNDLE_LOADER = "$(TEST_HOST)";
				DEVELOPMENT_TEAM = U2265T3A3G;
				INFOPLIST_FILE = Assignment3Tests/Info.plist;
				LD_RUNPATH_SEARCH_PATHS = "$(inherited) @executable_path/Frameworks @loader_path/Frameworks";
				PRODUCT_BUNDLE_IDENTIFIER = swetha.muchukota.Assignment3Tests;
				PRODUCT_NAME = "$(TARGET_NAME)";
				SWIFT_VERSION = 3.0;
				TEST_HOST = "$(BUILT_PRODUCTS_DIR)/Assignment3.app/Assignment3";
			};
			name = Release;
		};
/* End XCBuildConfiguration section */

/* Begin XCConfigurationList section */
		EB1A51181DDD603E008F1475 /* Build configuration list for PBXProject "Assignment3" */ = {
			isa = XCConfigurationList;
			buildConfigurations = (
				EB1A51381DDD603E008F1475 /* Debug */,
				EB1A51391DDD603E008F1475 /* Release */,
			);
			defaultConfigurationIsVisible = 0;
			defaultConfigurationName = Release;
		};
		EB1A513A1DDD603E008F1475 /* Build configuration list for PBXNativeTarget "Assignment3" */ = {
			isa = XCConfigurationList;
			buildConfigurations = (
				EB1A513B1DDD603E008F1475 /* Debug */,
				EB1A513C1DDD603E008F1475 /* Release */,
			);
			defaultConfigurationIsVisible = 0;
		};
		EB1A513D1DDD603E008F1475 /* Build configuration list for PBXNativeTarget "Assignment3Tests" */ = {
			isa = XCConfigurationList;
			buildConfigurations = (
				EB1A513E1DDD603E008F1475 /* Debug */,
				EB1A513F1DDD603E008F1475 /* Release */,
			);
			defaultConfigurationIsVisible = 0;
		};
/* End XCConfigurationList section */
	};
	rootObject = EB1A51151DDD603E008F1475 /* Project object */;
}
