// !$*UTF8*$!
{
	archiveVersion = 1;
	classes = {
	};
	objectVersion = 46;
	objects = {

/* Begin PBXBuildFile section */
		EB732BE81DD6D34700373502 /* AppDelegate.swift in Sources */ = {isa = PBXBuildFile; fileRef = EB732BE71DD6D34700373502 /* AppDelegate.swift */; };
		EB732BEA1DD6D34700373502 /* ViewController.swift in Sources */ = {isa = PBXBuildFile; fileRef = EB732BE91DD6D34700373502 /* ViewController.swift */; };
		EB732BED1DD6D34700373502 /* Main.storyboard in Resources */ = {isa = PBXBuildFile; fileRef = EB732BEB1DD6D34700373502 /* Main.storyboard */; };
		EB732BEF1DD6D34700373502 /* Assets.xcassets in Resources */ = {isa = PBXBuildFile; fileRef = EB732BEE1DD6D34700373502 /* Assets.xcassets */; };
		EB732BF21DD6D34700373502 /* LaunchScreen.storyboard in Resources */ = {isa = PBXBuildFile; fileRef = EB732BF01DD6D34700373502 /* LaunchScreen.storyboard */; };
		EB732BFD1DD6D34700373502 /* Assignment2Tests.swift in Sources */ = {isa = PBXBuildFile; fileRef = EB732BFC1DD6D34700373502 /* Assignment2Tests.swift */; };
/* End PBXBuildFile section */

/* Begin PBXContainerItemProxy section */
		EB732BF91DD6D34700373502 /* PBXContainerItemProxy */ = {
			isa = PBXContainerItemProxy;
			containerPortal = EB732BDC1DD6D34700373502 /* Project object */;
			proxyType = 1;
			remoteGlobalIDString = EB732BE31DD6D34700373502;
			remoteInfo = Assignment2;
		};
/* End PBXContainerItemProxy section */

/* Begin PBXFileReference section */
		EB732BE41DD6D34700373502 /* Assignment2.app */ = {isa = PBXFileReference; explicitFileType = wrapper.application; includeInIndex = 0; path = Assignment2.app; sourceTree = BUILT_PRODUCTS_DIR; };
		EB732BE71DD6D34700373502 /* AppDelegate.swift */ = {isa = PBXFileReference; lastKnownFileType = sourcecode.swift; path = AppDelegate.swift; sourceTree = "<group>"; };
		EB732BE91DD6D34700373502 /* ViewController.swift */ = {isa = PBXFileReference; lastKnownFileType = sourcecode.swift; path = ViewController.swift; sourceTree = "<group>"; };
		EB732BEC1DD6D34700373502 /* Base */ = {isa = PBXFileReference; lastKnownFileType = file.storyboard; name = Base; path = Base.lproj/Main.storyboard; sourceTree = "<group>"; };
		EB732BEE1DD6D34700373502 /* Assets.xcassets */ = {isa = PBXFileReference; lastKnownFileType = folder.assetcatalog; path = Assets.xcassets; sourceTree = "<group>"; };
		EB732BF11DD6D34700373502 /* Base */ = {isa = PBXFileReference; lastKnownFileType = file.storyboard; name = Base; path = Base.lproj/LaunchScreen.storyboard; sourceTree = "<group>"; };
		EB732BF31DD6D34700373502 /* Info.plist */ = {isa = PBXFileReference; lastKnownFileType = text.plist.xml; path = Info.plist; sourceTree = "<group>"; };
		EB732BF81DD6D34700373502 /* Assignment2Tests.xctest */ = {isa = PBXFileReference; explicitFileType = wrapper.cfbundle; includeInIndex = 0; path = Assignment2Tests.xctest; sourceTree = BUILT_PRODUCTS_DIR; };
		EB732BFC1DD6D34700373502 /* Assignment2Tests.swift */ = {isa = PBXFileReference; lastKnownFileType = sourcecode.swift; path = Assignment2Tests.swift; sourceTree = "<group>"; };
		EB732BFE1DD6D34700373502 /* Info.plist */ = {isa = PBXFileReference; lastKnownFileType = text.plist.xml; path = Info.plist; sourceTree = "<group>"; };
/* End PBXFileReference section */

/* Begin PBXFrameworksBuildPhase section */
		EB732BE11DD6D34700373502 /* Frameworks */ = {
			isa = PBXFrameworksBuildPhase;
			buildActionMask = 2147483647;
			files = (
			);
			runOnlyForDeploymentPostprocessing = 0;
		};
		EB732BF51DD6D34700373502 /* Frameworks */ = {
			isa = PBXFrameworksBuildPhase;
			buildActionMask = 2147483647;
			files = (
			);
			runOnlyForDeploymentPostprocessing = 0;
		};
/* End PBXFrameworksBuildPhase section */

/* Begin PBXGroup section */
		EB732BDB1DD6D34700373502 = {
			isa = PBXGroup;
			children = (
				EB732BE61DD6D34700373502 /* Assignment2 */,
				EB732BFB1DD6D34700373502 /* Assignment2Tests */,
				EB732BE51DD6D34700373502 /* Products */,
			);
			sourceTree = "<group>";
		};
		EB732BE51DD6D34700373502 /* Products */ = {
			isa = PBXGroup;
			children = (
				EB732BE41DD6D34700373502 /* Assignment2.app */,
				EB732BF81DD6D34700373502 /* Assignment2Tests.xctest */,
			);
			name = Products;
			sourceTree = "<group>";
		};
		EB732BE61DD6D34700373502 /* Assignment2 */ = {
			isa = PBXGroup;
			children = (
				EB732BE71DD6D34700373502 /* AppDelegate.swift */,
				EB732BE91DD6D34700373502 /* ViewController.swift */,
				EB732BEB1DD6D34700373502 /* Main.storyboard */,
				EB732BEE1DD6D34700373502 /* Assets.xcassets */,
				EB732BF01DD6D34700373502 /* LaunchScreen.storyboard */,
				EB732BF31DD6D34700373502 /* Info.plist */,
			);
			path = Assignment2;
			sourceTree = "<group>";
		};
		EB732BFB1DD6D34700373502 /* Assignment2Tests */ = {
			isa = PBXGroup;
			children = (
				EB732BFC1DD6D34700373502 /* Assignment2Tests.swift */,
				EB732BFE1DD6D34700373502 /* Info.plist */,
			);
			path = Assignment2Tests;
			sourceTree = "<group>";
		};
/* End PBXGroup section */

/* Begin PBXNativeTarget section */
		EB732BE31DD6D34700373502 /* Assignment2 */ = {
			isa = PBXNativeTarget;
			buildConfigurationList = EB732C011DD6D34700373502 /* Build configuration list for PBXNativeTarget "Assignment2" */;
			buildPhases = (
				EB732BE01DD6D34700373502 /* Sources */,
				EB732BE11DD6D34700373502 /* Frameworks */,
				EB732BE21DD6D34700373502 /* Resources */,
			);
			buildRules = (
			);
			dependencies = (
			);
			name = Assignment2;
			productName = Assignment2;
			productReference = EB732BE41DD6D34700373502 /* Assignment2.app */;
			productType = "com.apple.product-type.application";
		};
		EB732BF71DD6D34700373502 /* Assignment2Tests */ = {
			isa = PBXNativeTarget;
			buildConfigurationList = EB732C041DD6D34700373502 /* Build configuration list for PBXNativeTarget "Assignment2Tests" */;
			buildPhases = (
				EB732BF41DD6D34700373502 /* Sources */,
				EB732BF51DD6D34700373502 /* Frameworks */,
				EB732BF61DD6D34700373502 /* Resources */,
			);
			buildRules = (
			);
			dependencies = (
				EB732BFA1DD6D34700373502 /* PBXTargetDependency */,
			);
			name = Assignment2Tests;
			productName = Assignment2Tests;
			productReference = EB732BF81DD6D34700373502 /* Assignment2Tests.xctest */;
			productType = "com.apple.product-type.bundle.unit-test";
		};
/* End PBXNativeTarget section */

/* Begin PBXProject section */
		EB732BDC1DD6D34700373502 /* Project object */ = {
			isa = PBXProject;
			attributes = {
				LastSwiftUpdateCheck = 0810;
				LastUpgradeCheck = 0810;
				ORGANIZATIONNAME = "swetha muchukota";
				TargetAttributes = {
					EB732BE31DD6D34700373502 = {
						CreatedOnToolsVersion = 8.1;
						DevelopmentTeam = U2265T3A3G;
						ProvisioningStyle = Automatic;
					};
					EB732BF71DD6D34700373502 = {
						CreatedOnToolsVersion = 8.1;
						DevelopmentTeam = U2265T3A3G;
						ProvisioningStyle = Automatic;
						TestTargetID = EB732BE31DD6D34700373502;
					};
				};
			};
			buildConfigurationList = EB732BDF1DD6D34700373502 /* Build configuration list for PBXProject "Assignment2" */;
			compatibilityVersion = "Xcode 3.2";
			developmentRegion = English;
			hasScannedForEncodings = 0;
			knownRegions = (
				en,
				Base,
			);
			mainGroup = EB732BDB1DD6D34700373502;
			productRefGroup = EB732BE51DD6D34700373502 /* Products */;
			projectDirPath = "";
			projectRoot = "";
			targets = (
				EB732BE31DD6D34700373502 /* Assignment2 */,
				EB732BF71DD6D34700373502 /* Assignment2Tests */,
			);
		};
/* End PBXProject section */

/* Begin PBXResourcesBuildPhase section */
		EB732BE21DD6D34700373502 /* Resources */ = {
			isa = PBXResourcesBuildPhase;
			buildActionMask = 2147483647;
			files = (
				EB732BF21DD6D34700373502 /* LaunchScreen.storyboard in Resources */,
				EB732BEF1DD6D34700373502 /* Assets.xcassets in Resources */,
				EB732BED1DD6D34700373502 /* Main.storyboard in Resources */,
			);
			runOnlyForDeploymentPostprocessing = 0;
		};
		EB732BF61DD6D34700373502 /* Resources */ = {
			isa = PBXResourcesBuildPhase;
			buildActionMask = 2147483647;
			files = (
			);
			runOnlyForDeploymentPostprocessing = 0;
		};
/* End PBXResourcesBuildPhase section */

/* Begin PBXSourcesBuildPhase section */
		EB732BE01DD6D34700373502 /* Sources */ = {
			isa = PBXSourcesBuildPhase;
			buildActionMask = 2147483647;
			files = (
				EB732BEA1DD6D34700373502 /* ViewController.swift in Sources */,
				EB732BE81DD6D34700373502 /* AppDelegate.swift in Sources */,
			);
			runOnlyForDeploymentPostprocessing = 0;
		};
		EB732BF41DD6D34700373502 /* Sources */ = {
			isa = PBXSourcesBuildPhase;
			buildActionMask = 2147483647;
			files = (
				EB732BFD1DD6D34700373502 /* Assignment2Tests.swift in Sources */,
			);
			runOnlyForDeploymentPostprocessing = 0;
		};
/* End PBXSourcesBuildPhase section */

/* Begin PBXTargetDependency section */
		EB732BFA1DD6D34700373502 /* PBXTargetDependency */ = {
			isa = PBXTargetDependency;
			target = EB732BE31DD6D34700373502 /* Assignment2 */;
			targetProxy = EB732BF91DD6D34700373502 /* PBXContainerItemProxy */;
		};
/* End PBXTargetDependency section */

/* Begin PBXVariantGroup section */
		EB732BEB1DD6D34700373502 /* Main.storyboard */ = {
			isa = PBXVariantGroup;
			children = (
				EB732BEC1DD6D34700373502 /* Base */,
			);
			name = Main.storyboard;
			sourceTree = "<group>";
		};
		EB732BF01DD6D34700373502 /* LaunchScreen.storyboard */ = {
			isa = PBXVariantGroup;
			children = (
				EB732BF11DD6D34700373502 /* Base */,
			);
			name = LaunchScreen.storyboard;
			sourceTree = "<group>";
		};
/* End PBXVariantGroup section */

/* Begin XCBuildConfiguration section */
		EB732BFF1DD6D34700373502 /* Debug */ = {
			isa = XCBuildConfiguration;
			buildSettings = {
				ALWAYS_SEARCH_USER_PATHS = NO;
				CLANG_ANALYZER_NONNULL = YES;
				CLANG_CXX_LANGUAGE_STANDARD = "gnu++0x";
				CLANG_CXX_LIBRARY = "libc++";
				CLANG_ENABLE_MODULES = YES;
				CLANG_ENABLE_OBJC_ARC = YES;
				CLANG_WARN_BOOL_CONVERSION = YES;
				CLANG_WARN_CONSTANT_CONVERSION = YES;
				CLANG_WARN_DIRECT_OBJC_ISA_USAGE = YES_ERROR;
				CLANG_WARN_DOCUMENTATION_COMMENTS = YES;
				CLANG_WARN_EMPTY_BODY = YES;
				CLANG_WARN_ENUM_CONVERSION = YES;
				CLANG_WARN_INFINITE_RECURSION = YES;
				CLANG_WARN_INT_CONVERSION = YES;
				CLANG_WARN_OBJC_ROOT_CLASS = YES_ERROR;
				CLANG_WARN_SUSPICIOUS_MOVES = YES;
				CLANG_WARN_UNREACHABLE_CODE = YES;
				CLANG_WARN__DUPLICATE_METHOD_MATCH = YES;
				"CODE_SIGN_IDENTITY[sdk=iphoneos*]" = "iPhone Developer";
				COPY_PHASE_STRIP = NO;
				DEBUG_INFORMATION_FORMAT = dwarf;
				ENABLE_STRICT_OBJC_MSGSEND = YES;
				ENABLE_TESTABILITY = YES;
				GCC_C_LANGUAGE_STANDARD = gnu99;
				GCC_DYNAMIC_NO_PIC = NO;
				GCC_NO_COMMON_BLOCKS = YES;
				GCC_OPTIMIZATION_LEVEL = 0;
				GCC_PREPROCESSOR_DEFINITIONS = (
					"DEBUG=1",
					"$(inherited)",
				);
				GCC_WARN_64_TO_32_BIT_CONVERSION = YES;
				GCC_WARN_ABOUT_RETURN_TYPE = YES_ERROR;
				GCC_WARN_UNDECLARED_SELECTOR = YES;
				GCC_WARN_UNINITIALIZED_AUTOS = YES_AGGRESSIVE;
				GCC_WARN_UNUSED_FUNCTION = YES;
				GCC_WARN_UNUSED_VARIABLE = YES;
				IPHONEOS_DEPLOYMENT_TARGET = 10.1;
				MTL_ENABLE_DEBUG_INFO = YES;
				ONLY_ACTIVE_ARCH = YES;
				SDKROOT = iphoneos;
				SWIFT_ACTIVE_COMPILATION_CONDITIONS = DEBUG;
				SWIFT_OPTIMIZATION_LEVEL = "-Onone";
				TARGETED_DEVICE_FAMILY = "1,2";
			};
			name = Debug;
		};
		EB732C001DD6D34700373502 /* Release */ = {
			isa = XCBuildConfiguration;
			buildSettings = {
				ALWAYS_SEARCH_USER_PATHS = NO;
				CLANG_ANALYZER_NONNULL = YES;
				CLANG_CXX_LANGUAGE_STANDARD = "gnu++0x";
				CLANG_CXX_LIBRARY = "libc++";
				CLANG_ENABLE_MODULES = YES;
				CLANG_ENABLE_OBJC_ARC = YES;
				CLANG_WARN_BOOL_CONVERSION = YES;
				CLANG_WARN_CONSTANT_CONVERSION = YES;
				CLANG_WARN_DIRECT_OBJC_ISA_USAGE = YES_ERROR;
				CLANG_WARN_DOCUMENTATION_COMMENTS = YES;
				CLANG_WARN_EMPTY_BODY = YES;
				CLANG_WARN_ENUM_CONVERSION = YES;
				CLANG_WARN_INFINITE_RECURSION = YES;
				CLANG_WARN_INT_CONVERSION = YES;
				CLANG_WARN_OBJC_ROOT_CLASS = YES_ERROR;
				CLANG_WARN_SUSPICIOUS_MOVES = YES;
				CLANG_WARN_UNREACHABLE_CODE = YES;
				CLANG_WARN__DUPLICATE_METHOD_MATCH = YES;
				"CODE_SIGN_IDENTITY[sdk=iphoneos*]" = "iPhone Developer";
				COPY_PHASE_STRIP = NO;
				DEBUG_INFORMATION_FORMAT = "dwarf-with-dsym";
				ENABLE_NS_ASSERTIONS = NO;
				ENABLE_STRICT_OBJC_MSGSEND = YES;
				GCC_C_LANGUAGE_STANDARD = gnu99;
				GCC_NO_COMMON_BLOCKS = YES;
				GCC_WARN_64_TO_32_BIT_CONVERSION = YES;
				GCC_WARN_ABOUT_RETURN_TYPE = YES_ERROR;
				GCC_WARN_UNDECLARED_SELECTOR = YES;
				GCC_WARN_UNINITIALIZED_AUTOS = YES_AGGRESSIVE;
				GCC_WARN_UNUSED_FUNCTION = YES;
				GCC_WARN_UNUSED_VARIABLE = YES;
				IPHONEOS_DEPLOYMENT_TARGET = 10.1;
				MTL_ENABLE_DEBUG_INFO = NO;
				SDKROOT = iphoneos;
				SWIFT_OPTIMIZATION_LEVEL = "-Owholemodule";
				TARGETED_DEVICE_FAMILY = "1,2";
				VALIDATE_PRODUCT = YES;
			};
			name = Release;
		};
		EB732C021DD6D34700373502 /* Debug */ = {
			isa = XCBuildConfiguration;
			buildSettings = {
				ASSETCATALOG_COMPILER_APPICON_NAME = AppIcon;
				DEVELOPMENT_TEAM = U2265T3A3G;
				INFOPLIST_FILE = Assignment2/Info.plist;
				LD_RUNPATH_SEARCH_PATHS = "$(inherited) @executable_path/Frameworks";
				PRODUCT_BUNDLE_IDENTIFIER = swetha.muchukota.Assignment2;
				PRODUCT_NAME = "$(TARGET_NAME)";
				SWIFT_VERSION = 3.0;
			};
			name = Debug;
		};
		EB732C031DD6D34700373502 /* Release */ = {
			isa = XCBuildConfiguration;
			buildSettings = {
				ASSETCATALOG_COMPILER_APPICON_NAME = AppIcon;
				DEVELOPMENT_TEAM = U2265T3A3G;
				INFOPLIST_FILE = Assignment2/Info.plist;
				LD_RUNPATH_SEARCH_PATHS = "$(inherited) @executable_path/Frameworks";
				PRODUCT_BUNDLE_IDENTIFIER = swetha.muchukota.Assignment2;
				PRODUCT_NAME = "$(TARGET_NAME)";
				SWIFT_VERSION = 3.0;
			};
			name = Release;
		};
		EB732C051DD6D34700373502 /* Debug */ = {
			isa = XCBuildConfiguration;
			buildSettings = {
				ALWAYS_EMBED_SWIFT_STANDARD_LIBRARIES = YES;
				BUNDLE_LOADER = "$(TEST_HOST)";
				DEVELOPMENT_TEAM = U2265T3A3G;
				INFOPLIST_FILE = Assignment2Tests/Info.plist;
				LD_RUNPATH_SEARCH_PATHS = "$(inherited) @executable_path/Frameworks @loader_path/Frameworks";
				PRODUCT_BUNDLE_IDENTIFIER = swetha.muchukota.Assignment2Tests;
				PRODUCT_NAME = "$(TARGET_NAME)";
				SWIFT_VERSION = 3.0;
				TEST_HOST = "$(BUILT_PRODUCTS_DIR)/Assignment2.app/Assignment2";
			};
			name = Debug;
		};
		EB732C061DD6D34700373502 /* Release */ = {
			isa = XCBuildConfiguration;
			buildSettings = {
				ALWAYS_EMBED_SWIFT_STANDARD_LIBRARIES = YES;
				BUNDLE_LOADER = "$(TEST_HOST)";
				DEVELOPMENT_TEAM = U2265T3A3G;
				INFOPLIST_FILE = Assignment2Tests/Info.plist;
				LD_RUNPATH_SEARCH_PATHS = "$(inherited) @executable_path/Frameworks @loader_path/Frameworks";
				PRODUCT_BUNDLE_IDENTIFIER = swetha.muchukota.Assignment2Tests;
				PRODUCT_NAME = "$(TARGET_NAME)";
				SWIFT_VERSION = 3.0;
				TEST_HOST = "$(BUILT_PRODUCTS_DIR)/Assignment2.app/Assignment2";
			};
			name = Release;
		};
/* End XCBuildConfiguration section */

/* Begin XCConfigurationList section */
		EB732BDF1DD6D34700373502 /* Build configuration list for PBXProject "Assignment2" */ = {
			isa = XCConfigurationList;
			buildConfigurations = (
				EB732BFF1DD6D34700373502 /* Debug */,
				EB732C001DD6D34700373502 /* Release */,
			);
			defaultConfigurationIsVisible = 0;
			defaultConfigurationName = Release;
		};
		EB732C011DD6D34700373502 /* Build configuration list for PBXNativeTarget "Assignment2" */ = {
			isa = XCConfigurationList;
			buildConfigurations = (
				EB732C021DD6D34700373502 /* Debug */,
				EB732C031DD6D34700373502 /* Release */,
			);
			defaultConfigurationIsVisible = 0;
		};
		EB732C041DD6D34700373502 /* Build configuration list for PBXNativeTarget "Assignment2Tests" */ = {
			isa = XCConfigurationList;
			buildConfigurations = (
				EB732C051DD6D34700373502 /* Debug */,
				EB732C061DD6D34700373502 /* Release */,
			);
			defaultConfigurationIsVisible = 0;
		};
/* End XCConfigurationList section */
	};
	rootObject = EB732BDC1DD6D34700373502 /* Project object */;
}
