// !$*UTF8*$!
{
	archiveVersion = 1;
	classes = {
	};
	objectVersion = 46;
	objects = {

/* Begin PBXBuildFile section */
		EB53FBB21DC1A31B00F6D1B1 /* AppDelegate.swift in Sources */ = {isa = PBXBuildFile; fileRef = EB53FBB11DC1A31B00F6D1B1 /* AppDelegate.swift */; };
		EB53FBB41DC1A31B00F6D1B1 /* ViewController.swift in Sources */ = {isa = PBXBuildFile; fileRef = EB53FBB31DC1A31B00F6D1B1 /* ViewController.swift */; };
		EB53FBB71DC1A31B00F6D1B1 /* Main.storyboard in Resources */ = {isa = PBXBuildFile; fileRef = EB53FBB51DC1A31B00F6D1B1 /* Main.storyboard */; };
		EB53FBB91DC1A31B00F6D1B1 /* Assets.xcassets in Resources */ = {isa = PBXBuildFile; fileRef = EB53FBB81DC1A31B00F6D1B1 /* Assets.xcassets */; };
		EB53FBBC1DC1A31B00F6D1B1 /* LaunchScreen.storyboard in Resources */ = {isa = PBXBuildFile; fileRef = EB53FBBA1DC1A31B00F6D1B1 /* LaunchScreen.storyboard */; };
		EB53FBC71DC1A31B00F6D1B1 /* TestAppTests.swift in Sources */ = {isa = PBXBuildFile; fileRef = EB53FBC61DC1A31B00F6D1B1 /* TestAppTests.swift */; };
		EB53FBD61DC1B26D00F6D1B1 /* LocationTableViewCell.swift in Sources */ = {isa = PBXBuildFile; fileRef = EB53FBD51DC1B26D00F6D1B1 /* LocationTableViewCell.swift */; };
		EBC0509A1DC97EC2004DCBB3 /* DataModel.xcdatamodeld in Sources */ = {isa = PBXBuildFile; fileRef = EBC050981DC97EC2004DCBB3 /* DataModel.xcdatamodeld */; };
/* End PBXBuildFile section */

/* Begin PBXContainerItemProxy section */
		EB53FBC31DC1A31B00F6D1B1 /* PBXContainerItemProxy */ = {
			isa = PBXContainerItemProxy;
			containerPortal = EB53FBA61DC1A31B00F6D1B1 /* Project object */;
			proxyType = 1;
			remoteGlobalIDString = EB53FBAD1DC1A31B00F6D1B1;
			remoteInfo = TestApp;
		};
/* End PBXContainerItemProxy section */

/* Begin PBXFileReference section */
		EB53FBAE1DC1A31B00F6D1B1 /* TestApp.app */ = {isa = PBXFileReference; explicitFileType = wrapper.application; includeInIndex = 0; path = TestApp.app; sourceTree = BUILT_PRODUCTS_DIR; };
		EB53FBB11DC1A31B00F6D1B1 /* AppDelegate.swift */ = {isa = PBXFileReference; lastKnownFileType = sourcecode.swift; path = AppDelegate.swift; sourceTree = "<group>"; };
		EB53FBB31DC1A31B00F6D1B1 /* ViewController.swift */ = {isa = PBXFileReference; lastKnownFileType = sourcecode.swift; path = ViewController.swift; sourceTree = "<group>"; };
		EB53FBB61DC1A31B00F6D1B1 /* Base */ = {isa = PBXFileReference; lastKnownFileType = file.storyboard; name = Base; path = Base.lproj/Main.storyboard; sourceTree = "<group>"; };
		EB53FBB81DC1A31B00F6D1B1 /* Assets.xcassets */ = {isa = PBXFileReference; lastKnownFileType = folder.assetcatalog; path = Assets.xcassets; sourceTree = "<group>"; };
		EB53FBBB1DC1A31B00F6D1B1 /* Base */ = {isa = PBXFileReference; lastKnownFileType = file.storyboard; name = Base; path = Base.lproj/LaunchScreen.storyboard; sourceTree = "<group>"; };
		EB53FBBD1DC1A31B00F6D1B1 /* Info.plist */ = {isa = PBXFileReference; lastKnownFileType = text.plist.xml; path = Info.plist; sourceTree = "<group>"; };
		EB53FBC21DC1A31B00F6D1B1 /* TestAppTests.xctest */ = {isa = PBXFileReference; explicitFileType = wrapper.cfbundle; includeInIndex = 0; path = TestAppTests.xctest; sourceTree = BUILT_PRODUCTS_DIR; };
		EB53FBC61DC1A31B00F6D1B1 /* TestAppTests.swift */ = {isa = PBXFileReference; lastKnownFileType = sourcecode.swift; path = TestAppTests.swift; sourceTree = "<group>"; };
		EB53FBC81DC1A31B00F6D1B1 /* Info.plist */ = {isa = PBXFileReference; lastKnownFileType = text.plist.xml; path = Info.plist; sourceTree = "<group>"; };
		EB53FBD51DC1B26D00F6D1B1 /* LocationTableViewCell.swift */ = {isa = PBXFileReference; fileEncoding = 4; lastKnownFileType = sourcecode.swift; path = LocationTableViewCell.swift; sourceTree = "<group>"; };
		EBC050991DC97EC2004DCBB3 /* DataModel.xcdatamodel */ = {isa = PBXFileReference; lastKnownFileType = wrapper.xcdatamodel; path = DataModel.xcdatamodel; sourceTree = "<group>"; };
/* End PBXFileReference section */

/* Begin PBXFrameworksBuildPhase section */
		EB53FBAB1DC1A31B00F6D1B1 /* Frameworks */ = {
			isa = PBXFrameworksBuildPhase;
			buildActionMask = 2147483647;
			files = (
			);
			runOnlyForDeploymentPostprocessing = 0;
		};
		EB53FBBF1DC1A31B00F6D1B1 /* Frameworks */ = {
			isa = PBXFrameworksBuildPhase;
			buildActionMask = 2147483647;
			files = (
			);
			runOnlyForDeploymentPostprocessing = 0;
		};
/* End PBXFrameworksBuildPhase section */

/* Begin PBXGroup section */
		EB53FBA51DC1A31B00F6D1B1 = {
			isa = PBXGroup;
			children = (
				EB53FBB01DC1A31B00F6D1B1 /* TestApp */,
				EB53FBC51DC1A31B00F6D1B1 /* TestAppTests */,
				EB53FBAF1DC1A31B00F6D1B1 /* Products */,
			);
			sourceTree = "<group>";
		};
		EB53FBAF1DC1A31B00F6D1B1 /* Products */ = {
			isa = PBXGroup;
			children = (
				EB53FBAE1DC1A31B00F6D1B1 /* TestApp.app */,
				EB53FBC21DC1A31B00F6D1B1 /* TestAppTests.xctest */,
			);
			name = Products;
			sourceTree = "<group>";
		};
		EB53FBB01DC1A31B00F6D1B1 /* TestApp */ = {
			isa = PBXGroup;
			children = (
				EB53FBB11DC1A31B00F6D1B1 /* AppDelegate.swift */,
				EB53FBB31DC1A31B00F6D1B1 /* ViewController.swift */,
				EB53FBD51DC1B26D00F6D1B1 /* LocationTableViewCell.swift */,
				EB53FBB51DC1A31B00F6D1B1 /* Main.storyboard */,
				EB53FBB81DC1A31B00F6D1B1 /* Assets.xcassets */,
				EB53FBBA1DC1A31B00F6D1B1 /* LaunchScreen.storyboard */,
				EB53FBBD1DC1A31B00F6D1B1 /* Info.plist */,
				EBC050981DC97EC2004DCBB3 /* DataModel.xcdatamodeld */,
			);
			path = TestApp;
			sourceTree = "<group>";
		};
		EB53FBC51DC1A31B00F6D1B1 /* TestAppTests */ = {
			isa = PBXGroup;
			children = (
				EB53FBC61DC1A31B00F6D1B1 /* TestAppTests.swift */,
				EB53FBC81DC1A31B00F6D1B1 /* Info.plist */,
			);
			path = TestAppTests;
			sourceTree = "<group>";
		};
/* End PBXGroup section */

/* Begin PBXNativeTarget section */
		EB53FBAD1DC1A31B00F6D1B1 /* TestApp */ = {
			isa = PBXNativeTarget;
			buildConfigurationList = EB53FBCB1DC1A31B00F6D1B1 /* Build configuration list for PBXNativeTarget "TestApp" */;
			buildPhases = (
				EB53FBAA1DC1A31B00F6D1B1 /* Sources */,
				EB53FBAB1DC1A31B00F6D1B1 /* Frameworks */,
				EB53FBAC1DC1A31B00F6D1B1 /* Resources */,
			);
			buildRules = (
			);
			dependencies = (
			);
			name = TestApp;
			productName = TestApp;
			productReference = EB53FBAE1DC1A31B00F6D1B1 /* TestApp.app */;
			productType = "com.apple.product-type.application";
		};
		EB53FBC11DC1A31B00F6D1B1 /* TestAppTests */ = {
			isa = PBXNativeTarget;
			buildConfigurationList = EB53FBCE1DC1A31B00F6D1B1 /* Build configuration list for PBXNativeTarget "TestAppTests" */;
			buildPhases = (
				EB53FBBE1DC1A31B00F6D1B1 /* Sources */,
				EB53FBBF1DC1A31B00F6D1B1 /* Frameworks */,
				EB53FBC01DC1A31B00F6D1B1 /* Resources */,
			);
			buildRules = (
			);
			dependencies = (
				EB53FBC41DC1A31B00F6D1B1 /* PBXTargetDependency */,
			);
			name = TestAppTests;
			productName = TestAppTests;
			productReference = EB53FBC21DC1A31B00F6D1B1 /* TestAppTests.xctest */;
			productType = "com.apple.product-type.bundle.unit-test";
		};
/* End PBXNativeTarget section */

/* Begin PBXProject section */
		EB53FBA61DC1A31B00F6D1B1 /* Project object */ = {
			isa = PBXProject;
			attributes = {
				LastSwiftUpdateCheck = 0800;
				LastUpgradeCheck = 0800;
				ORGANIZATIONNAME = "swetha muchukota";
				TargetAttributes = {
					EB53FBAD1DC1A31B00F6D1B1 = {
						CreatedOnToolsVersion = 8.0;
						DevelopmentTeam = U2265T3A3G;
						ProvisioningStyle = Automatic;
					};
					EB53FBC11DC1A31B00F6D1B1 = {
						CreatedOnToolsVersion = 8.0;
						DevelopmentTeam = U2265T3A3G;
						ProvisioningStyle = Automatic;
						TestTargetID = EB53FBAD1DC1A31B00F6D1B1;
					};
				};
			};
			buildConfigurationList = EB53FBA91DC1A31B00F6D1B1 /* Build configuration list for PBXProject "TestApp" */;
			compatibilityVersion = "Xcode 3.2";
			developmentRegion = English;
			hasScannedForEncodings = 0;
			knownRegions = (
				en,
				Base,
			);
			mainGroup = EB53FBA51DC1A31B00F6D1B1;
			productRefGroup = EB53FBAF1DC1A31B00F6D1B1 /* Products */;
			projectDirPath = "";
			projectRoot = "";
			targets = (
				EB53FBAD1DC1A31B00F6D1B1 /* TestApp */,
				EB53FBC11DC1A31B00F6D1B1 /* TestAppTests */,
			);
		};
/* End PBXProject section */

/* Begin PBXResourcesBuildPhase section */
		EB53FBAC1DC1A31B00F6D1B1 /* Resources */ = {
			isa = PBXResourcesBuildPhase;
			buildActionMask = 2147483647;
			files = (
				EB53FBBC1DC1A31B00F6D1B1 /* LaunchScreen.storyboard in Resources */,
				EB53FBB91DC1A31B00F6D1B1 /* Assets.xcassets in Resources */,
				EB53FBB71DC1A31B00F6D1B1 /* Main.storyboard in Resources */,
			);
			runOnlyForDeploymentPostprocessing = 0;
		};
		EB53FBC01DC1A31B00F6D1B1 /* Resources */ = {
			isa = PBXResourcesBuildPhase;
			buildActionMask = 2147483647;
			files = (
			);
			runOnlyForDeploymentPostprocessing = 0;
		};
/* End PBXResourcesBuildPhase section */

/* Begin PBXSourcesBuildPhase section */
		EB53FBAA1DC1A31B00F6D1B1 /* Sources */ = {
			isa = PBXSourcesBuildPhase;
			buildActionMask = 2147483647;
			files = (
				EB53FBD61DC1B26D00F6D1B1 /* LocationTableViewCell.swift in Sources */,
				EBC0509A1DC97EC2004DCBB3 /* DataModel.xcdatamodeld in Sources */,
				EB53FBB41DC1A31B00F6D1B1 /* ViewController.swift in Sources */,
				EB53FBB21DC1A31B00F6D1B1 /* AppDelegate.swift in Sources */,
			);
			runOnlyForDeploymentPostprocessing = 0;
		};
		EB53FBBE1DC1A31B00F6D1B1 /* Sources */ = {
			isa = PBXSourcesBuildPhase;
			buildActionMask = 2147483647;
			files = (
				EB53FBC71DC1A31B00F6D1B1 /* TestAppTests.swift in Sources */,
			);
			runOnlyForDeploymentPostprocessing = 0;
		};
/* End PBXSourcesBuildPhase section */

/* Begin PBXTargetDependency section */
		EB53FBC41DC1A31B00F6D1B1 /* PBXTargetDependency */ = {
			isa = PBXTargetDependency;
			target = EB53FBAD1DC1A31B00F6D1B1 /* TestApp */;
			targetProxy = EB53FBC31DC1A31B00F6D1B1 /* PBXContainerItemProxy */;
		};
/* End PBXTargetDependency section */

/* Begin PBXVariantGroup section */
		EB53FBB51DC1A31B00F6D1B1 /* Main.storyboard */ = {
			isa = PBXVariantGroup;
			children = (
				EB53FBB61DC1A31B00F6D1B1 /* Base */,
			);
			name = Main.storyboard;
			sourceTree = "<group>";
		};
		EB53FBBA1DC1A31B00F6D1B1 /* LaunchScreen.storyboard */ = {
			isa = PBXVariantGroup;
			children = (
				EB53FBBB1DC1A31B00F6D1B1 /* Base */,
			);
			name = LaunchScreen.storyboard;
			sourceTree = "<group>";
		};
/* End PBXVariantGroup section */

/* Begin XCBuildConfiguration section */
		EB53FBC91DC1A31B00F6D1B1 /* Debug */ = {
			isa = XCBuildConfiguration;
			buildSettings = {
				ALWAYS_SEARCH_USER_PATHS = NO;
				CLANG_ANALYZER_NONNULL = YES;
				CLANG_CXX_LANGUAGE_STANDARD = "gnu++0x";
				CLANG_CXX_LIBRARY = "libc++";
				CLANG_ENABLE_MODULES = YES;
				CLANG_ENABLE_OBJC_ARC = YES;
				CLANG_WARN_BOOL_CONVERSION = YES;
				CLANG_WARN_CONSTANT_CONVERSION = YES;
				CLANG_WARN_DIRECT_OBJC_ISA_USAGE = YES_ERROR;
				CLANG_WARN_DOCUMENTATION_COMMENTS = YES;
				CLANG_WARN_EMPTY_BODY = YES;
				CLANG_WARN_ENUM_CONVERSION = YES;
				CLANG_WARN_INFINITE_RECURSION = YES;
				CLANG_WARN_INT_CONVERSION = YES;
				CLANG_WARN_OBJC_ROOT_CLASS = YES_ERROR;
				CLANG_WARN_SUSPICIOUS_MOVES = YES;
				CLANG_WARN_UNREACHABLE_CODE = YES;
				CLANG_WARN__DUPLICATE_METHOD_MATCH = YES;
				"CODE_SIGN_IDENTITY[sdk=iphoneos*]" = "iPhone Developer";
				COPY_PHASE_STRIP = NO;
				DEBUG_INFORMATION_FORMAT = dwarf;
				ENABLE_STRICT_OBJC_MSGSEND = YES;
				ENABLE_TESTABILITY = YES;
				GCC_C_LANGUAGE_STANDARD = gnu99;
				GCC_DYNAMIC_NO_PIC = NO;
				GCC_NO_COMMON_BLOCKS = YES;
				GCC_OPTIMIZATION_LEVEL = 0;
				GCC_PREPROCESSOR_DEFINITIONS = (
					"DEBUG=1",
					"$(inherited)",
				);
				GCC_WARN_64_TO_32_BIT_CONVERSION = YES;
				GCC_WARN_ABOUT_RETURN_TYPE = YES_ERROR;
				GCC_WARN_UNDECLARED_SELECTOR = YES;
				GCC_WARN_UNINITIALIZED_AUTOS = YES_AGGRESSIVE;
				GCC_WARN_UNUSED_FUNCTION = YES;
				GCC_WARN_UNUSED_VARIABLE = YES;
				IPHONEOS_DEPLOYMENT_TARGET = 10.0;
				MTL_ENABLE_DEBUG_INFO = YES;
				ONLY_ACTIVE_ARCH = YES;
				SDKROOT = iphoneos;
				SWIFT_ACTIVE_COMPILATION_CONDITIONS = DEBUG;
				SWIFT_OPTIMIZATION_LEVEL = "-Onone";
				TARGETED_DEVICE_FAMILY = "1,2";
			};
			name = Debug;
		};
		EB53FBCA1DC1A31B00F6D1B1 /* Release */ = {
			isa = XCBuildConfiguration;
			buildSettings = {
				ALWAYS_SEARCH_USER_PATHS = NO;
				CLANG_ANALYZER_NONNULL = YES;
				CLANG_CXX_LANGUAGE_STANDARD = "gnu++0x";
				CLANG_CXX_LIBRARY = "libc++";
				CLANG_ENABLE_MODULES = YES;
				CLANG_ENABLE_OBJC_ARC = YES;
				CLANG_WARN_BOOL_CONVERSION = YES;
				CLANG_WARN_CONSTANT_CONVERSION = YES;
				CLANG_WARN_DIRECT_OBJC_ISA_USAGE = YES_ERROR;
				CLANG_WARN_DOCUMENTATION_COMMENTS = YES;
				CLANG_WARN_EMPTY_BODY = YES;
				CLANG_WARN_ENUM_CONVERSION = YES;
				CLANG_WARN_INFINITE_RECURSION = YES;
				CLANG_WARN_INT_CONVERSION = YES;
				CLANG_WARN_OBJC_ROOT_CLASS = YES_ERROR;
				CLANG_WARN_SUSPICIOUS_MOVES = YES;
				CLANG_WARN_UNREACHABLE_CODE = YES;
				CLANG_WARN__DUPLICATE_METHOD_MATCH = YES;
				"CODE_SIGN_IDENTITY[sdk=iphoneos*]" = "iPhone Developer";
				COPY_PHASE_STRIP = NO;
				DEBUG_INFORMATION_FORMAT = "dwarf-with-dsym";
				ENABLE_NS_ASSERTIONS = NO;
				ENABLE_STRICT_OBJC_MSGSEND = YES;
				GCC_C_LANGUAGE_STANDARD = gnu99;
				GCC_NO_COMMON_BLOCKS = YES;
				GCC_WARN_64_TO_32_BIT_CONVERSION = YES;
				GCC_WARN_ABOUT_RETURN_TYPE = YES_ERROR;
				GCC_WARN_UNDECLARED_SELECTOR = YES;
				GCC_WARN_UNINITIALIZED_AUTOS = YES_AGGRESSIVE;
				GCC_WARN_UNUSED_FUNCTION = YES;
				GCC_WARN_UNUSED_VARIABLE = YES;
				IPHONEOS_DEPLOYMENT_TARGET = 10.0;
				MTL_ENABLE_DEBUG_INFO = NO;
				SDKROOT = iphoneos;
				SWIFT_OPTIMIZATION_LEVEL = "-Owholemodule";
				TARGETED_DEVICE_FAMILY = "1,2";
				VALIDATE_PRODUCT = YES;
			};
			name = Release;
		};
		EB53FBCC1DC1A31B00F6D1B1 /* Debug */ = {
			isa = XCBuildConfiguration;
			buildSettings = {
				ASSETCATALOG_COMPILER_APPICON_NAME = AppIcon;
				DEVELOPMENT_TEAM = U2265T3A3G;
				INFOPLIST_FILE = TestApp/Info.plist;
				LD_RUNPATH_SEARCH_PATHS = "$(inherited) @executable_path/Frameworks";
				PRODUCT_BUNDLE_IDENTIFIER = swetha.muchukota.TestApp;
				PRODUCT_NAME = "$(TARGET_NAME)";
				SWIFT_VERSION = 3.0;
			};
			name = Debug;
		};
		EB53FBCD1DC1A31B00F6D1B1 /* Release */ = {
			isa = XCBuildConfiguration;
			buildSettings = {
				ASSETCATALOG_COMPILER_APPICON_NAME = AppIcon;
				DEVELOPMENT_TEAM = U2265T3A3G;
				INFOPLIST_FILE = TestApp/Info.plist;
				LD_RUNPATH_SEARCH_PATHS = "$(inherited) @executable_path/Frameworks";
				PRODUCT_BUNDLE_IDENTIFIER = swetha.muchukota.TestApp;
				PRODUCT_NAME = "$(TARGET_NAME)";
				SWIFT_VERSION = 3.0;
			};
			name = Release;
		};
		EB53FBCF1DC1A31B00F6D1B1 /* Debug */ = {
			isa = XCBuildConfiguration;
			buildSettings = {
				ALWAYS_EMBED_SWIFT_STANDARD_LIBRARIES = YES;
				BUNDLE_LOADER = "$(TEST_HOST)";
				DEVELOPMENT_TEAM = U2265T3A3G;
				INFOPLIST_FILE = TestAppTests/Info.plist;
				LD_RUNPATH_SEARCH_PATHS = "$(inherited) @executable_path/Frameworks @loader_path/Frameworks";
				PRODUCT_BUNDLE_IDENTIFIER = swetha.muchukota.TestAppTests;
				PRODUCT_NAME = "$(TARGET_NAME)";
				SWIFT_VERSION = 3.0;
				TEST_HOST = "$(BUILT_PRODUCTS_DIR)/TestApp.app/TestApp";
			};
			name = Debug;
		};
		EB53FBD01DC1A31B00F6D1B1 /* Release */ = {
			isa = XCBuildConfiguration;
			buildSettings = {
				ALWAYS_EMBED_SWIFT_STANDARD_LIBRARIES = YES;
				BUNDLE_LOADER = "$(TEST_HOST)";
				DEVELOPMENT_TEAM = U2265T3A3G;
				INFOPLIST_FILE = TestAppTests/Info.plist;
				LD_RUNPATH_SEARCH_PATHS = "$(inherited) @executable_path/Frameworks @loader_path/Frameworks";
				PRODUCT_BUNDLE_IDENTIFIER = swetha.muchukota.TestAppTests;
				PRODUCT_NAME = "$(TARGET_NAME)";
				SWIFT_VERSION = 3.0;
				TEST_HOST = "$(BUILT_PRODUCTS_DIR)/TestApp.app/TestApp";
			};
			name = Release;
		};
/* End XCBuildConfiguration section */

/* Begin XCConfigurationList section */
		EB53FBA91DC1A31B00F6D1B1 /* Build configuration list for PBXProject "TestApp" */ = {
			isa = XCConfigurationList;
			buildConfigurations = (
				EB53FBC91DC1A31B00F6D1B1 /* Debug */,
				EB53FBCA1DC1A31B00F6D1B1 /* Release */,
			);
			defaultConfigurationIsVisible = 0;
			defaultConfigurationName = Release;
		};
		EB53FBCB1DC1A31B00F6D1B1 /* Build configuration list for PBXNativeTarget "TestApp" */ = {
			isa = XCConfigurationList;
			buildConfigurations = (
				EB53FBCC1DC1A31B00F6D1B1 /* Debug */,
				EB53FBCD1DC1A31B00F6D1B1 /* Release */,
			);
			defaultConfigurationIsVisible = 0;
			defaultConfigurationName = Release;
		};
		EB53FBCE1DC1A31B00F6D1B1 /* Build configuration list for PBXNativeTarget "TestAppTests" */ = {
			isa = XCConfigurationList;
			buildConfigurations = (
				EB53FBCF1DC1A31B00F6D1B1 /* Debug */,
				EB53FBD01DC1A31B00F6D1B1 /* Release */,
			);
			defaultConfigurationIsVisible = 0;
			defaultConfigurationName = Release;
		};
/* End XCConfigurationList section */

/* Begin XCVersionGroup section */
		EBC050981DC97EC2004DCBB3 /* DataModel.xcdatamodeld */ = {
			isa = XCVersionGroup;
			children = (
				EBC050991DC97EC2004DCBB3 /* DataModel.xcdatamodel */,
			);
			currentVersion = EBC050991DC97EC2004DCBB3 /* DataModel.xcdatamodel */;
			path = DataModel.xcdatamodeld;
			sourceTree = "<group>";
			versionGroupType = wrapper.xcdatamodel;
		};
/* End XCVersionGroup section */
	};
	rootObject = EB53FBA61DC1A31B00F6D1B1 /* Project object */;
}
