// !$*UTF8*$!
{
	archiveVersion = 1;
	classes = {
	};
	objectVersion = 46;
	objects = {

/* Begin PBXBuildFile section */
		B0967759514C677EB01C6F66 /* Pods_MyConnect.framework in Frameworks */ = {isa = PBXBuildFile; fileRef = FF24EC3F589C04CEC6CD25DA /* Pods_MyConnect.framework */; };
		EB3EBB3C1DE0271600EC98CF /* BaseService.swift in Sources */ = {isa = PBXBuildFile; fileRef = EB3EBB3B1DE0271600EC98CF /* BaseService.swift */; };
		EB3EBB3E1DE02A1B00EC98CF /* SignInViewController.swift in Sources */ = {isa = PBXBuildFile; fileRef = EB3EBB3D1DE02A1B00EC98CF /* SignInViewController.swift */; };
		EB3EBB421DE0BC4000EC98CF /* signupViewController.swift in Sources */ = {isa = PBXBuildFile; fileRef = EB3EBB411DE0BC4000EC98CF /* signupViewController.swift */; };
		EB3EBB441DE0D5E900EC98CF /* User.swift in Sources */ = {isa = PBXBuildFile; fileRef = EB3EBB431DE0D5E900EC98CF /* User.swift */; };
		EB3EBB461DE224EB00EC98CF /* HomeScreenViewController.swift in Sources */ = {isa = PBXBuildFile; fileRef = EB3EBB451DE224EB00EC98CF /* HomeScreenViewController.swift */; };
		EBE7640E1DDECD2300CFD2A1 /* AppDelegate.swift in Sources */ = {isa = PBXBuildFile; fileRef = EBE7640D1DDECD2300CFD2A1 /* AppDelegate.swift */; };
		EBE764101DDECD2300CFD2A1 /* ViewController.swift in Sources */ = {isa = PBXBuildFile; fileRef = EBE7640F1DDECD2300CFD2A1 /* ViewController.swift */; };
		EBE764131DDECD2300CFD2A1 /* Main.storyboard in Resources */ = {isa = PBXBuildFile; fileRef = EBE764111DDECD2300CFD2A1 /* Main.storyboard */; };
		EBE764151DDECD2300CFD2A1 /* Assets.xcassets in Resources */ = {isa = PBXBuildFile; fileRef = EBE764141DDECD2300CFD2A1 /* Assets.xcassets */; };
		EBE764181DDECD2300CFD2A1 /* LaunchScreen.storyboard in Resources */ = {isa = PBXBuildFile; fileRef = EBE764161DDECD2300CFD2A1 /* LaunchScreen.storyboard */; };
		EBE764231DDECD2300CFD2A1 /* MyConnectTests.swift in Sources */ = {isa = PBXBuildFile; fileRef = EBE764221DDECD2300CFD2A1 /* MyConnectTests.swift */; };
		EBE7642E1DDECD4000CFD2A1 /* Podfile in Resources */ = {isa = PBXBuildFile; fileRef = EBE7642D1DDECD4000CFD2A1 /* Podfile */; };
		EBE764301DDED25B00CFD2A1 /* GoogleService-Info.plist in Resources */ = {isa = PBXBuildFile; fileRef = EBE7642F1DDED25A00CFD2A1 /* GoogleService-Info.plist */; };
/* End PBXBuildFile section */

/* Begin PBXContainerItemProxy section */
		EBE7641F1DDECD2300CFD2A1 /* PBXContainerItemProxy */ = {
			isa = PBXContainerItemProxy;
			containerPortal = EBE764021DDECD2300CFD2A1 /* Project object */;
			proxyType = 1;
			remoteGlobalIDString = EBE764091DDECD2300CFD2A1;
			remoteInfo = MyConnect;
		};
/* End PBXContainerItemProxy section */

/* Begin PBXFileReference section */
		A30D1AB12AF85164B5461412 /* Pods-MyConnect.release.xcconfig */ = {isa = PBXFileReference; includeInIndex = 1; lastKnownFileType = text.xcconfig; name = "Pods-MyConnect.release.xcconfig"; path = "Pods/Target Support Files/Pods-MyConnect/Pods-MyConnect.release.xcconfig"; sourceTree = "<group>"; };
		B622FBD5BD45E5724479409B /* Pods-MyConnect.debug.xcconfig */ = {isa = PBXFileReference; includeInIndex = 1; lastKnownFileType = text.xcconfig; name = "Pods-MyConnect.debug.xcconfig"; path = "Pods/Target Support Files/Pods-MyConnect/Pods-MyConnect.debug.xcconfig"; sourceTree = "<group>"; };
		EB3EBB3B1DE0271600EC98CF /* BaseService.swift */ = {isa = PBXFileReference; fileEncoding = 4; lastKnownFileType = sourcecode.swift; path = BaseService.swift; sourceTree = "<group>"; };
		EB3EBB3D1DE02A1B00EC98CF /* SignInViewController.swift */ = {isa = PBXFileReference; fileEncoding = 4; lastKnownFileType = sourcecode.swift; path = SignInViewController.swift; sourceTree = "<group>"; };
		EB3EBB411DE0BC4000EC98CF /* signupViewController.swift */ = {isa = PBXFileReference; fileEncoding = 4; lastKnownFileType = sourcecode.swift; path = signupViewController.swift; sourceTree = "<group>"; };
		EB3EBB431DE0D5E900EC98CF /* User.swift */ = {isa = PBXFileReference; fileEncoding = 4; lastKnownFileType = sourcecode.swift; path = User.swift; sourceTree = "<group>"; };
		EB3EBB451DE224EB00EC98CF /* HomeScreenViewController.swift */ = {isa = PBXFileReference; fileEncoding = 4; lastKnownFileType = sourcecode.swift; path = HomeScreenViewController.swift; sourceTree = "<group>"; };
		EBE7640A1DDECD2300CFD2A1 /* MyConnect.app */ = {isa = PBXFileReference; explicitFileType = wrapper.application; includeInIndex = 0; path = MyConnect.app; sourceTree = BUILT_PRODUCTS_DIR; };
		EBE7640D1DDECD2300CFD2A1 /* AppDelegate.swift */ = {isa = PBXFileReference; lastKnownFileType = sourcecode.swift; path = AppDelegate.swift; sourceTree = "<group>"; };
		EBE7640F1DDECD2300CFD2A1 /* ViewController.swift */ = {isa = PBXFileReference; lastKnownFileType = sourcecode.swift; path = ViewController.swift; sourceTree = "<group>"; };
		EBE764121DDECD2300CFD2A1 /* Base */ = {isa = PBXFileReference; lastKnownFileType = file.storyboard; name = Base; path = Base.lproj/Main.storyboard; sourceTree = "<group>"; };
		EBE764141DDECD2300CFD2A1 /* Assets.xcassets */ = {isa = PBXFileReference; lastKnownFileType = folder.assetcatalog; path = Assets.xcassets; sourceTree = "<group>"; };
		EBE764171DDECD2300CFD2A1 /* Base */ = {isa = PBXFileReference; lastKnownFileType = file.storyboard; name = Base; path = Base.lproj/LaunchScreen.storyboard; sourceTree = "<group>"; };
		EBE764191DDECD2300CFD2A1 /* Info.plist */ = {isa = PBXFileReference; lastKnownFileType = text.plist.xml; path = Info.plist; sourceTree = "<group>"; };
		EBE7641E1DDECD2300CFD2A1 /* MyConnectTests.xctest */ = {isa = PBXFileReference; explicitFileType = wrapper.cfbundle; includeInIndex = 0; path = MyConnectTests.xctest; sourceTree = BUILT_PRODUCTS_DIR; };
		EBE764221DDECD2300CFD2A1 /* MyConnectTests.swift */ = {isa = PBXFileReference; lastKnownFileType = sourcecode.swift; path = MyConnectTests.swift; sourceTree = "<group>"; };
		EBE764241DDECD2300CFD2A1 /* Info.plist */ = {isa = PBXFileReference; lastKnownFileType = text.plist.xml; path = Info.plist; sourceTree = "<group>"; };
		EBE7642D1DDECD4000CFD2A1 /* Podfile */ = {isa = PBXFileReference; fileEncoding = 4; lastKnownFileType = text; path = Podfile; sourceTree = "<group>"; };
		EBE7642F1DDED25A00CFD2A1 /* GoogleService-Info.plist */ = {isa = PBXFileReference; fileEncoding = 4; lastKnownFileType = text.plist.xml; name = "GoogleService-Info.plist"; path = "../../../../Downloads/GoogleService-Info.plist"; sourceTree = "<group>"; };
		FF24EC3F589C04CEC6CD25DA /* Pods_MyConnect.framework */ = {isa = PBXFileReference; explicitFileType = wrapper.framework; includeInIndex = 0; path = Pods_MyConnect.framework; sourceTree = BUILT_PRODUCTS_DIR; };
/* End PBXFileReference section */

/* Begin PBXFrameworksBuildPhase section */
		EBE764071DDECD2300CFD2A1 /* Frameworks */ = {
			isa = PBXFrameworksBuildPhase;
			buildActionMask = 2147483647;
			files = (
				B0967759514C677EB01C6F66 /* Pods_MyConnect.framework in Frameworks */,
			);
			runOnlyForDeploymentPostprocessing = 0;
		};
		EBE7641B1DDECD2300CFD2A1 /* Frameworks */ = {
			isa = PBXFrameworksBuildPhase;
			buildActionMask = 2147483647;
			files = (
			);
			runOnlyForDeploymentPostprocessing = 0;
		};
/* End PBXFrameworksBuildPhase section */

/* Begin PBXGroup section */
		5A9507EA0469329B529FE548 /* Frameworks */ = {
			isa = PBXGroup;
			children = (
				FF24EC3F589C04CEC6CD25DA /* Pods_MyConnect.framework */,
			);
			name = Frameworks;
			sourceTree = "<group>";
		};
		CF674BD2E8F109BEADBC2A03 /* Pods */ = {
			isa = PBXGroup;
			children = (
				B622FBD5BD45E5724479409B /* Pods-MyConnect.debug.xcconfig */,
				A30D1AB12AF85164B5461412 /* Pods-MyConnect.release.xcconfig */,
			);
			name = Pods;
			sourceTree = "<group>";
		};
		EBE764011DDECD2300CFD2A1 = {
			isa = PBXGroup;
			children = (
				EBE7642D1DDECD4000CFD2A1 /* Podfile */,
				EBE7640C1DDECD2300CFD2A1 /* MyConnect */,
				EBE764211DDECD2300CFD2A1 /* MyConnectTests */,
				EBE7640B1DDECD2300CFD2A1 /* Products */,
				CF674BD2E8F109BEADBC2A03 /* Pods */,
				5A9507EA0469329B529FE548 /* Frameworks */,
			);
			sourceTree = "<group>";
		};
		EBE7640B1DDECD2300CFD2A1 /* Products */ = {
			isa = PBXGroup;
			children = (
				EBE7640A1DDECD2300CFD2A1 /* MyConnect.app */,
				EBE7641E1DDECD2300CFD2A1 /* MyConnectTests.xctest */,
			);
			name = Products;
			sourceTree = "<group>";
		};
		EBE7640C1DDECD2300CFD2A1 /* MyConnect */ = {
			isa = PBXGroup;
			children = (
				EBE7642F1DDED25A00CFD2A1 /* GoogleService-Info.plist */,
				EBE7640D1DDECD2300CFD2A1 /* AppDelegate.swift */,
				EBE7640F1DDECD2300CFD2A1 /* ViewController.swift */,
				EB3EBB3D1DE02A1B00EC98CF /* SignInViewController.swift */,
				EBE764111DDECD2300CFD2A1 /* Main.storyboard */,
				EBE764141DDECD2300CFD2A1 /* Assets.xcassets */,
				EBE764161DDECD2300CFD2A1 /* LaunchScreen.storyboard */,
				EBE764191DDECD2300CFD2A1 /* Info.plist */,
				EB3EBB3B1DE0271600EC98CF /* BaseService.swift */,
				EB3EBB411DE0BC4000EC98CF /* signupViewController.swift */,
				EB3EBB431DE0D5E900EC98CF /* User.swift */,
				EB3EBB451DE224EB00EC98CF /* HomeScreenViewController.swift */,
			);
			path = MyConnect;
			sourceTree = "<group>";
		};
		EBE764211DDECD2300CFD2A1 /* MyConnectTests */ = {
			isa = PBXGroup;
			children = (
				EBE764221DDECD2300CFD2A1 /* MyConnectTests.swift */,
				EBE764241DDECD2300CFD2A1 /* Info.plist */,
			);
			path = MyConnectTests;
			sourceTree = "<group>";
		};
/* End PBXGroup section */

/* Begin PBXNativeTarget section */
		EBE764091DDECD2300CFD2A1 /* MyConnect */ = {
			isa = PBXNativeTarget;
			buildConfigurationList = EBE764271DDECD2300CFD2A1 /* Build configuration list for PBXNativeTarget "MyConnect" */;
			buildPhases = (
				7BD4881894A3C9B13A1AF6D4 /* [CP] Check Pods Manifest.lock */,
				EBE764061DDECD2300CFD2A1 /* Sources */,
				EBE764071DDECD2300CFD2A1 /* Frameworks */,
				EBE764081DDECD2300CFD2A1 /* Resources */,
				0F12C8DEC68AB130CFF909ED /* [CP] Embed Pods Frameworks */,
				4FEE424D9953B1D5F55C3FCD /* [CP] Copy Pods Resources */,
			);
			buildRules = (
			);
			dependencies = (
			);
			name = MyConnect;
			productName = MyConnect;
			productReference = EBE7640A1DDECD2300CFD2A1 /* MyConnect.app */;
			productType = "com.apple.product-type.application";
		};
		EBE7641D1DDECD2300CFD2A1 /* MyConnectTests */ = {
			isa = PBXNativeTarget;
			buildConfigurationList = EBE7642A1DDECD2300CFD2A1 /* Build configuration list for PBXNativeTarget "MyConnectTests" */;
			buildPhases = (
				EBE7641A1DDECD2300CFD2A1 /* Sources */,
				EBE7641B1DDECD2300CFD2A1 /* Frameworks */,
				EBE7641C1DDECD2300CFD2A1 /* Resources */,
			);
			buildRules = (
			);
			dependencies = (
				EBE764201DDECD2300CFD2A1 /* PBXTargetDependency */,
			);
			name = MyConnectTests;
			productName = MyConnectTests;
			productReference = EBE7641E1DDECD2300CFD2A1 /* MyConnectTests.xctest */;
			productType = "com.apple.product-type.bundle.unit-test";
		};
/* End PBXNativeTarget section */

/* Begin PBXProject section */
		EBE764021DDECD2300CFD2A1 /* Project object */ = {
			isa = PBXProject;
			attributes = {
				LastSwiftUpdateCheck = 0810;
				LastUpgradeCheck = 0810;
				ORGANIZATIONNAME = "swetha muchukota";
				TargetAttributes = {
					EBE764091DDECD2300CFD2A1 = {
						CreatedOnToolsVersion = 8.1;
						DevelopmentTeam = U2265T3A3G;
						ProvisioningStyle = Automatic;
					};
					EBE7641D1DDECD2300CFD2A1 = {
						CreatedOnToolsVersion = 8.1;
						DevelopmentTeam = U2265T3A3G;
						ProvisioningStyle = Automatic;
						TestTargetID = EBE764091DDECD2300CFD2A1;
					};
				};
			};
			buildConfigurationList = EBE764051DDECD2300CFD2A1 /* Build configuration list for PBXProject "MyConnect" */;
			compatibilityVersion = "Xcode 3.2";
			developmentRegion = English;
			hasScannedForEncodings = 0;
			knownRegions = (
				en,
				Base,
			);
			mainGroup = EBE764011DDECD2300CFD2A1;
			productRefGroup = EBE7640B1DDECD2300CFD2A1 /* Products */;
			projectDirPath = "";
			projectRoot = "";
			targets = (
				EBE764091DDECD2300CFD2A1 /* MyConnect */,
				EBE7641D1DDECD2300CFD2A1 /* MyConnectTests */,
			);
		};
/* End PBXProject section */

/* Begin PBXResourcesBuildPhase section */
		EBE764081DDECD2300CFD2A1 /* Resources */ = {
			isa = PBXResourcesBuildPhase;
			buildActionMask = 2147483647;
			files = (
				EBE764181DDECD2300CFD2A1 /* LaunchScreen.storyboard in Resources */,
				EBE764151DDECD2300CFD2A1 /* Assets.xcassets in Resources */,
				EBE764301DDED25B00CFD2A1 /* GoogleService-Info.plist in Resources */,
				EBE7642E1DDECD4000CFD2A1 /* Podfile in Resources */,
				EBE764131DDECD2300CFD2A1 /* Main.storyboard in Resources */,
			);
			runOnlyForDeploymentPostprocessing = 0;
		};
		EBE7641C1DDECD2300CFD2A1 /* Resources */ = {
			isa = PBXResourcesBuildPhase;
			buildActionMask = 2147483647;
			files = (
			);
			runOnlyForDeploymentPostprocessing = 0;
		};
/* End PBXResourcesBuildPhase section */

/* Begin PBXShellScriptBuildPhase section */
		0F12C8DEC68AB130CFF909ED /* [CP] Embed Pods Frameworks */ = {
			isa = PBXShellScriptBuildPhase;
			buildActionMask = 2147483647;
			files = (
			);
			inputPaths = (
			);
			name = "[CP] Embed Pods Frameworks";
			outputPaths = (
			);
			runOnlyForDeploymentPostprocessing = 0;
			shellPath = /bin/sh;
			shellScript = "\"${SRCROOT}/Pods/Target Support Files/Pods-MyConnect/Pods-MyConnect-frameworks.sh\"\n";
			showEnvVarsInLog = 0;
		};
		4FEE424D9953B1D5F55C3FCD /* [CP] Copy Pods Resources */ = {
			isa = PBXShellScriptBuildPhase;
			buildActionMask = 2147483647;
			files = (
			);
			inputPaths = (
			);
			name = "[CP] Copy Pods Resources";
			outputPaths = (
			);
			runOnlyForDeploymentPostprocessing = 0;
			shellPath = /bin/sh;
			shellScript = "\"${SRCROOT}/Pods/Target Support Files/Pods-MyConnect/Pods-MyConnect-resources.sh\"\n";
			showEnvVarsInLog = 0;
		};
		7BD4881894A3C9B13A1AF6D4 /* [CP] Check Pods Manifest.lock */ = {
			isa = PBXShellScriptBuildPhase;
			buildActionMask = 2147483647;
			files = (
			);
			inputPaths = (
			);
			name = "[CP] Check Pods Manifest.lock";
			outputPaths = (
			);
			runOnlyForDeploymentPostprocessing = 0;
			shellPath = /bin/sh;
			shellScript = "diff \"${PODS_ROOT}/../Podfile.lock\" \"${PODS_ROOT}/Manifest.lock\" > /dev/null\nif [ $? != 0 ] ; then\n    # print error to STDERR\n    echo \"error: The sandbox is not in sync with the Podfile.lock. Run 'pod install' or update your CocoaPods installation.\" >&2\n    exit 1\nfi\n";
			showEnvVarsInLog = 0;
		};
/* End PBXShellScriptBuildPhase section */

/* Begin PBXSourcesBuildPhase section */
		EBE764061DDECD2300CFD2A1 /* Sources */ = {
			isa = PBXSourcesBuildPhase;
			buildActionMask = 2147483647;
			files = (
				EB3EBB3E1DE02A1B00EC98CF /* SignInViewController.swift in Sources */,
				EBE764101DDECD2300CFD2A1 /* ViewController.swift in Sources */,
				EB3EBB441DE0D5E900EC98CF /* User.swift in Sources */,
				EB3EBB421DE0BC4000EC98CF /* signupViewController.swift in Sources */,
				EBE7640E1DDECD2300CFD2A1 /* AppDelegate.swift in Sources */,
				EB3EBB3C1DE0271600EC98CF /* BaseService.swift in Sources */,
				EB3EBB461DE224EB00EC98CF /* HomeScreenViewController.swift in Sources */,
			);
			runOnlyForDeploymentPostprocessing = 0;
		};
		EBE7641A1DDECD2300CFD2A1 /* Sources */ = {
			isa = PBXSourcesBuildPhase;
			buildActionMask = 2147483647;
			files = (
				EBE764231DDECD2300CFD2A1 /* MyConnectTests.swift in Sources */,
			);
			runOnlyForDeploymentPostprocessing = 0;
		};
/* End PBXSourcesBuildPhase section */

/* Begin PBXTargetDependency section */
		EBE764201DDECD2300CFD2A1 /* PBXTargetDependency */ = {
			isa = PBXTargetDependency;
			target = EBE764091DDECD2300CFD2A1 /* MyConnect */;
			targetProxy = EBE7641F1DDECD2300CFD2A1 /* PBXContainerItemProxy */;
		};
/* End PBXTargetDependency section */

/* Begin PBXVariantGroup section */
		EBE764111DDECD2300CFD2A1 /* Main.storyboard */ = {
			isa = PBXVariantGroup;
			children = (
				EBE764121DDECD2300CFD2A1 /* Base */,
			);
			name = Main.storyboard;
			sourceTree = "<group>";
		};
		EBE764161DDECD2300CFD2A1 /* LaunchScreen.storyboard */ = {
			isa = PBXVariantGroup;
			children = (
				EBE764171DDECD2300CFD2A1 /* Base */,
			);
			name = LaunchScreen.storyboard;
			sourceTree = "<group>";
		};
/* End PBXVariantGroup section */

/* Begin XCBuildConfiguration section */
		EBE764251DDECD2300CFD2A1 /* Debug */ = {
			isa = XCBuildConfiguration;
			buildSettings = {
				ALWAYS_SEARCH_USER_PATHS = NO;
				CLANG_ANALYZER_NONNULL = YES;
				CLANG_CXX_LANGUAGE_STANDARD = "gnu++0x";
				CLANG_CXX_LIBRARY = "libc++";
				CLANG_ENABLE_MODULES = YES;
				CLANG_ENABLE_OBJC_ARC = YES;
				CLANG_WARN_BOOL_CONVERSION = YES;
				CLANG_WARN_CONSTANT_CONVERSION = YES;
				CLANG_WARN_DIRECT_OBJC_ISA_USAGE = YES_ERROR;
				CLANG_WARN_DOCUMENTATION_COMMENTS = YES;
				CLANG_WARN_EMPTY_BODY = YES;
				CLANG_WARN_ENUM_CONVERSION = YES;
				CLANG_WARN_INFINITE_RECURSION = YES;
				CLANG_WARN_INT_CONVERSION = YES;
				CLANG_WARN_OBJC_ROOT_CLASS = YES_ERROR;
				CLANG_WARN_SUSPICIOUS_MOVE = YES;
				CLANG_WARN_SUSPICIOUS_MOVES = YES;
				CLANG_WARN_UNREACHABLE_CODE = YES;
				CLANG_WARN__DUPLICATE_METHOD_MATCH = YES;
				"CODE_SIGN_IDENTITY[sdk=iphoneos*]" = "iPhone Developer";
				COPY_PHASE_STRIP = NO;
				DEBUG_INFORMATION_FORMAT = dwarf;
				ENABLE_STRICT_OBJC_MSGSEND = YES;
				ENABLE_TESTABILITY = YES;
				GCC_C_LANGUAGE_STANDARD = gnu99;
				GCC_DYNAMIC_NO_PIC = NO;
				GCC_NO_COMMON_BLOCKS = YES;
				GCC_OPTIMIZATION_LEVEL = 0;
				GCC_PREPROCESSOR_DEFINITIONS = (
					"DEBUG=1",
					"$(inherited)",
				);
				GCC_WARN_64_TO_32_BIT_CONVERSION = YES;
				GCC_WARN_ABOUT_RETURN_TYPE = YES_ERROR;
				GCC_WARN_UNDECLARED_SELECTOR = YES;
				GCC_WARN_UNINITIALIZED_AUTOS = YES_AGGRESSIVE;
				GCC_WARN_UNUSED_FUNCTION = YES;
				GCC_WARN_UNUSED_VARIABLE = YES;
				IPHONEOS_DEPLOYMENT_TARGET = 10.1;
				MTL_ENABLE_DEBUG_INFO = YES;
				ONLY_ACTIVE_ARCH = YES;
				SDKROOT = iphoneos;
				SWIFT_ACTIVE_COMPILATION_CONDITIONS = DEBUG;
				SWIFT_OPTIMIZATION_LEVEL = "-Onone";
				TARGETED_DEVICE_FAMILY = "1,2";
			};
			name = Debug;
		};
		EBE764261DDECD2300CFD2A1 /* Release */ = {
			isa = XCBuildConfiguration;
			buildSettings = {
				ALWAYS_SEARCH_USER_PATHS = NO;
				CLANG_ANALYZER_NONNULL = YES;
				CLANG_CXX_LANGUAGE_STANDARD = "gnu++0x";
				CLANG_CXX_LIBRARY = "libc++";
				CLANG_ENABLE_MODULES = YES;
				CLANG_ENABLE_OBJC_ARC = YES;
				CLANG_WARN_BOOL_CONVERSION = YES;
				CLANG_WARN_CONSTANT_CONVERSION = YES;
				CLANG_WARN_DIRECT_OBJC_ISA_USAGE = YES_ERROR;
				CLANG_WARN_DOCUMENTATION_COMMENTS = YES;
				CLANG_WARN_EMPTY_BODY = YES;
				CLANG_WARN_ENUM_CONVERSION = YES;
				CLANG_WARN_INFINITE_RECURSION = YES;
				CLANG_WARN_INT_CONVERSION = YES;
				CLANG_WARN_OBJC_ROOT_CLASS = YES_ERROR;
				CLANG_WARN_SUSPICIOUS_MOVE = YES;
				CLANG_WARN_SUSPICIOUS_MOVES = YES;
				CLANG_WARN_UNREACHABLE_CODE = YES;
				CLANG_WARN__DUPLICATE_METHOD_MATCH = YES;
				"CODE_SIGN_IDENTITY[sdk=iphoneos*]" = "iPhone Developer";
				COPY_PHASE_STRIP = NO;
				DEBUG_INFORMATION_FORMAT = "dwarf-with-dsym";
				ENABLE_NS_ASSERTIONS = NO;
				ENABLE_STRICT_OBJC_MSGSEND = YES;
				GCC_C_LANGUAGE_STANDARD = gnu99;
				GCC_NO_COMMON_BLOCKS = YES;
				GCC_WARN_64_TO_32_BIT_CONVERSION = YES;
				GCC_WARN_ABOUT_RETURN_TYPE = YES_ERROR;
				GCC_WARN_UNDECLARED_SELECTOR = YES;
				GCC_WARN_UNINITIALIZED_AUTOS = YES_AGGRESSIVE;
				GCC_WARN_UNUSED_FUNCTION = YES;
				GCC_WARN_UNUSED_VARIABLE = YES;
				IPHONEOS_DEPLOYMENT_TARGET = 10.1;
				MTL_ENABLE_DEBUG_INFO = NO;
				SDKROOT = iphoneos;
				SWIFT_OPTIMIZATION_LEVEL = "-Owholemodule";
				TARGETED_DEVICE_FAMILY = "1,2";
				VALIDATE_PRODUCT = YES;
			};
			name = Release;
		};
		EBE764281DDECD2300CFD2A1 /* Debug */ = {
			isa = XCBuildConfiguration;
			baseConfigurationReference = B622FBD5BD45E5724479409B /* Pods-MyConnect.debug.xcconfig */;
			buildSettings = {
				ASSETCATALOG_COMPILER_APPICON_NAME = AppIcon;
				DEVELOPMENT_TEAM = U2265T3A3G;
				INFOPLIST_FILE = MyConnect/Info.plist;
				LD_RUNPATH_SEARCH_PATHS = "$(inherited) @executable_path/Frameworks";
				PRODUCT_BUNDLE_IDENTIFIER = swetha.muchukota.MyConnect;
				PRODUCT_NAME = "$(TARGET_NAME)";
				SWIFT_VERSION = 3.0;
			};
			name = Debug;
		};
		EBE764291DDECD2300CFD2A1 /* Release */ = {
			isa = XCBuildConfiguration;
			baseConfigurationReference = A30D1AB12AF85164B5461412 /* Pods-MyConnect.release.xcconfig */;
			buildSettings = {
				ASSETCATALOG_COMPILER_APPICON_NAME = AppIcon;
				DEVELOPMENT_TEAM = U2265T3A3G;
				INFOPLIST_FILE = MyConnect/Info.plist;
				LD_RUNPATH_SEARCH_PATHS = "$(inherited) @executable_path/Frameworks";
				PRODUCT_BUNDLE_IDENTIFIER = swetha.muchukota.MyConnect;
				PRODUCT_NAME = "$(TARGET_NAME)";
				SWIFT_VERSION = 3.0;
			};
			name = Release;
		};
		EBE7642B1DDECD2300CFD2A1 /* Debug */ = {
			isa = XCBuildConfiguration;
			buildSettings = {
				ALWAYS_EMBED_SWIFT_STANDARD_LIBRARIES = YES;
				BUNDLE_LOADER = "$(TEST_HOST)";
				DEVELOPMENT_TEAM = U2265T3A3G;
				INFOPLIST_FILE = MyConnectTests/Info.plist;
				LD_RUNPATH_SEARCH_PATHS = "$(inherited) @executable_path/Frameworks @loader_path/Frameworks";
				PRODUCT_BUNDLE_IDENTIFIER = swetha.muchukota.MyConnectTests;
				PRODUCT_NAME = "$(TARGET_NAME)";
				SWIFT_VERSION = 3.0;
				TEST_HOST = "$(BUILT_PRODUCTS_DIR)/MyConnect.app/MyConnect";
			};
			name = Debug;
		};
		EBE7642C1DDECD2300CFD2A1 /* Release */ = {
			isa = XCBuildConfiguration;
			buildSettings = {
				ALWAYS_EMBED_SWIFT_STANDARD_LIBRARIES = YES;
				BUNDLE_LOADER = "$(TEST_HOST)";
				DEVELOPMENT_TEAM = U2265T3A3G;
				INFOPLIST_FILE = MyConnectTests/Info.plist;
				LD_RUNPATH_SEARCH_PATHS = "$(inherited) @executable_path/Frameworks @loader_path/Frameworks";
				PRODUCT_BUNDLE_IDENTIFIER = swetha.muchukota.MyConnectTests;
				PRODUCT_NAME = "$(TARGET_NAME)";
				SWIFT_VERSION = 3.0;
				TEST_HOST = "$(BUILT_PRODUCTS_DIR)/MyConnect.app/MyConnect";
			};
			name = Release;
		};
/* End XCBuildConfiguration section */

/* Begin XCConfigurationList section */
		EBE764051DDECD2300CFD2A1 /* Build configuration list for PBXProject "MyConnect" */ = {
			isa = XCConfigurationList;
			buildConfigurations = (
				EBE764251DDECD2300CFD2A1 /* Debug */,
				EBE764261DDECD2300CFD2A1 /* Release */,
			);
			defaultConfigurationIsVisible = 0;
			defaultConfigurationName = Release;
		};
		EBE764271DDECD2300CFD2A1 /* Build configuration list for PBXNativeTarget "MyConnect" */ = {
			isa = XCConfigurationList;
			buildConfigurations = (
				EBE764281DDECD2300CFD2A1 /* Debug */,
				EBE764291DDECD2300CFD2A1 /* Release */,
			);
			defaultConfigurationIsVisible = 0;
			defaultConfigurationName = Release;
		};
		EBE7642A1DDECD2300CFD2A1 /* Build configuration list for PBXNativeTarget "MyConnectTests" */ = {
			isa = XCConfigurationList;
			buildConfigurations = (
				EBE7642B1DDECD2300CFD2A1 /* Debug */,
				EBE7642C1DDECD2300CFD2A1 /* Release */,
			);
			defaultConfigurationIsVisible = 0;
			defaultConfigurationName = Release;
		};
/* End XCConfigurationList section */
	};
	rootObject = EBE764021DDECD2300CFD2A1 /* Project object */;
}
